{
  "name": "wsServer",
  "version": "1.0.0",
  "lockfileVersion": 2,
  "requires": true,
  "packages": {
    "": {
      "name": "wsServer",
      "version": "1.0.0",
      "license": "ISC",
      "dependencies": {
        "core-js": "^3.6.5",
        "nodejs-websocket": "^1.7.2",
        "ws": "^8.8.1"
      }
    },
    "node_modules/core-js": {
      "version": "3.24.1",
      "resolved": "https://registry.npmmirror.com/core-js/-/core-js-3.24.1.tgz",
      "integrity": "sha512-0QTBSYSUZ6Gq21utGzkfITDylE8jWC9Ne1D2MrhvlsZBI1x39OdDIVbzSqtgMndIy6BlHxBXpMGqzZmnztg2rg==",
      "hasInstallScript": true
    },
    "node_modules/nodejs-websocket": {
      "version": "1.7.2",
      "resolved": "https://registry.npmmirror.com/nodejs-websocket/-/nodejs-websocket-1.7.2.tgz",
      "integrity": "sha512-PFX6ypJcCNDs7obRellR0DGTebfUhw1SXGKe2zpB+Ng1DQJhdzbzx1ob+AvJCLzy2TJF4r8cCDqMQqei1CZdPQ==",
      "engines": {
        "node": ">=4"
      }
    },
    "node_modules/ws": {
      "version": "8.8.1",
      "resolved": "https://registry.npmmirror.com/ws/-/ws-8.8.1.tgz",
      "integrity": "sha512-bGy2JzvzkPowEJV++hF07hAD6niYSr0JzBNo/J29WsB57A2r7Wlc1UFcTR9IzrPvuNVO4B8LGqF8qcpsVOhJCA==",
      "engines": {
        "node": ">=10.0.0"
      },
      "peerDependencies": {
        "bufferutil": "^4.0.1",
        "utf-8-validate": "^5.0.2"
      },
      "peerDependenciesMeta": {
        "bufferutil": {
          "optional": true
        },
        "utf-8-validate": {
          "optional": true
        }
      }
    }
  },
  "dependencies": {
    "core-js": {
      "version": "3.24.1",
      "resolved": "https://registry.npmmirror.com/core-js/-/core-js-3.24.1.tgz",
      "integrity": "sha512-0QTBSYSUZ6Gq21utGzkfITDylE8jWC9Ne1D2MrhvlsZBI1x39OdDIVbzSqtgMndIy6BlHxBXpMGqzZmnztg2rg=="
    },
    "nodejs-websocket": {
      "version": "1.7.2",
      "resolved": "https://registry.npmmirror.com/nodejs-websocket/-/nodejs-websocket-1.7.2.tgz",
      "integrity": "sha512-PFX6ypJcCNDs7obRellR0DGTebfUhw1SXGKe2zpB+Ng1DQJhdzbzx1ob+AvJCLzy2TJF4r8cCDqMQqei1CZdPQ=="
    },
    "ws": {
      "version": "8.8.1",
      "resolved": "https://registry.npmmirror.com/ws/-/ws-8.8.1.tgz",
      "integrity": "sha512-bGy2JzvzkPowEJV++hF07hAD6niYSr0JzBNo/J29WsB57A2r7Wlc1UFcTR9IzrPvuNVO4B8LGqF8qcpsVOhJCA==",
      "requires": {}
    }
  }
}
